<?xml version="1.0" encoding="utf-8"?>
<Project ToolsVersion="4.0" xmlns:atg="http://atg.xbox.com" xmlns="http://schemas.microsoft.com/developer/msbuild/2003">
  <ItemGroup>
    <Filter Include="util">
      <UniqueIdentifier>{f885f0fa-7599-4d9c-9811-918044d15d21}</UniqueIdentifier>
    </Filter>
    <Filter Include="core">
      <UniqueIdentifier>{5c12c1b6-5494-4626-a517-1f803b474573}</UniqueIdentifier>
    </Filter>
    <Filter Include="include">
      <UniqueIdentifier>{140385ab-05d0-458b-9c98-706bbbfb4e2c}</UniqueIdentifier>
    </Filter>
  </ItemGroup>
  <ItemGroup>
    <ClInclude Include="src\core\BaseDataStruct.h">
      <Filter>core</Filter>
    </ClInclude>
    <ClInclude Include="..\include\Application.h">
      <Filter>include</Filter>
    </ClInclude>
    <ClInclude Include="..\include\BaseDataStruct.h">
      <Filter>include</Filter>
    </ClInclude>
    <ClInclude Include="..\include\Camera.h">
      <Filter>include</Filter>
    </ClInclude>
    <ClInclude Include="..\include\Color.h">
      <Filter>include</Filter>
    </ClInclude>
    <ClInclude Include="..\include\DLog.h">
      <Filter>include</Filter>
    </ClInclude>
    <ClInclude Include="..\include\Light.h">
      <Filter>include</Filter>
    </ClInclude>
    <ClInclude Include="..\include\Matrix4x4.h">
      <Filter>include</Filter>
    </ClInclude>
    <ClInclude Include="..\include\Mesh.h">
      <Filter>include</Filter>
    </ClInclude>
    <ClInclude Include="..\include\Plane3D.h">
      <Filter>include</Filter>
    </ClInclude>
    <ClInclude Include="..\include\Scene.h">
      <Filter>include</Filter>
    </ClInclude>
    <ClInclude Include="..\include\SteadyLine.h">
      <Filter>include</Filter>
    </ClInclude>
    <ClInclude Include="..\include\Vector3D.h">
      <Filter>include</Filter>
    </ClInclude>
    <ClInclude Include="..\include\Vertex.h">
      <Filter>include</Filter>
    </ClInclude>
    <ClInclude Include="..\include\BaseApp.h">
      <Filter>include</Filter>
    </ClInclude>
    <ClInclude Include="..\include\CUtil.h">
      <Filter>include</Filter>
    </ClInclude>
    <ClInclude Include="..\include\DDSTextureLoader.h">
      <Filter>include</Filter>
    </ClInclude>
    <ClInclude Include="..\include\FBXReader.h">
      <Filter>include</Filter>
    </ClInclude>
    <ClInclude Include="..\include\FBXUtil.h">
      <Filter>include</Filter>
    </ClInclude>
    <ClInclude Include="..\include\Vector2D.h">
      <Filter>include</Filter>
    </ClInclude>
    <ClInclude Include="..\include\Matrix3x3.h">
      <Filter>include</Filter>
    </ClInclude>
  </ItemGroup>
  <ItemGroup>
    <ClCompile Include="src\util\DDSTextureLoader.cpp">
      <Filter>util</Filter>
    </ClCompile>
    <ClCompile Include="src\core\Application.cpp">
      <Filter>core</Filter>
    </ClCompile>
    <ClCompile Include="src\core\DLog.cpp">
      <Filter>core</Filter>
    </ClCompile>
    <ClCompile Include="src\core\Camera.cpp">
      <Filter>core</Filter>
    </ClCompile>
    <ClCompile Include="src\core\Light.cpp">
      <Filter>core</Filter>
    </ClCompile>
    <ClCompile Include="src\core\Mesh.cpp">
      <Filter>core</Filter>
    </ClCompile>
    <ClCompile Include="src\core\Plane3D.cpp">
      <Filter>core</Filter>
    </ClCompile>
    <ClCompile Include="src\core\Scene.cpp">
      <Filter>core</Filter>
    </ClCompile>
    <ClCompile Include="src\util\CUtil.cpp">
      <Filter>util</Filter>
    </ClCompile>
    <ClCompile Include="src\util\FBXReader.cpp">
      <Filter>util</Filter>
    </ClCompile>
    <ClCompile Include="src\util\FBXUtil.cpp">
      <Filter>util</Filter>
    </ClCompile>
    <ClCompile Include="src\core\Vector3D.cpp">
      <Filter>core</Filter>
    </ClCompile>
    <ClCompile Include="src\core\Matrix4x4.cpp">
      <Filter>core</Filter>
    </ClCompile>
    <ClCompile Include="src\BaseApp.cpp" />
    <ClCompile Include="src\core\Vector2D.cpp">
      <Filter>core</Filter>
    </ClCompile>
    <ClCompile Include="src\core\Matrix3x3.cpp">
      <Filter>core</Filter>
    </ClCompile>
  </ItemGroup>
</Project>