<?xml version="1.0" encoding="utf-8"?>
<Project ToolsVersion="4.0" xmlns:atg="http://atg.xbox.com" xmlns="http://schemas.microsoft.com/developer/msbuild/2003">
  <ItemGroup>
    <Filter Include="util">
      <UniqueIdentifier>{f885f0fa-7599-4d9c-9811-918044d15d21}</UniqueIdentifier>
    </Filter>
    <Filter Include="math">
      <UniqueIdentifier>{71ec9526-3243-4eb2-be92-1412d411b33c}</UniqueIdentifier>
    </Filter>
    <Filter Include="sys">
      <UniqueIdentifier>{98e0af7e-0042-4ee7-a76a-6ed8957f5b11}</UniqueIdentifier>
    </Filter>
    <Filter Include="math\algebra">
      <UniqueIdentifier>{60c2625e-d77a-4587-923a-d5fd61d487ab}</UniqueIdentifier>
    </Filter>
    <Filter Include="graphics">
      <UniqueIdentifier>{5c12c1b6-5494-4626-a517-1f803b474573}</UniqueIdentifier>
    </Filter>
    <Filter Include="graphics\dx">
      <UniqueIdentifier>{0ada6729-1ef6-4fd7-86b9-af00b6d7576d}</UniqueIdentifier>
    </Filter>
    <Filter Include="scene">
      <UniqueIdentifier>{4c78df39-7a22-42cb-b6a4-8728d8700ed9}</UniqueIdentifier>
    </Filter>
  </ItemGroup>
  <ItemGroup>
    <ClCompile Include="src\util\DDSTextureLoader.cpp">
      <Filter>util</Filter>
    </ClCompile>
    <ClCompile Include="src\util\CUtil.cpp">
      <Filter>util</Filter>
    </ClCompile>
    <ClCompile Include="src\util\FBXUtil.cpp">
      <Filter>util</Filter>
    </ClCompile>
    <ClCompile Include="src\util\FBXParser.cpp">
      <Filter>util</Filter>
    </ClCompile>
    <ClCompile Include="src\util\ObjParser.cpp">
      <Filter>util</Filter>
    </ClCompile>
    <ClCompile Include="src\sys\Application.cpp">
      <Filter>sys</Filter>
    </ClCompile>
    <ClCompile Include="src\sys\DLog.cpp">
      <Filter>sys</Filter>
    </ClCompile>
    <ClCompile Include="src\sys\SysEnv.cpp">
      <Filter>sys</Filter>
    </ClCompile>
    <ClCompile Include="src\math\algebra\EulerAngles.cpp">
      <Filter>math\algebra</Filter>
    </ClCompile>
    <ClCompile Include="src\math\algebra\Matrix1x4.cpp">
      <Filter>math\algebra</Filter>
    </ClCompile>
    <ClCompile Include="src\math\algebra\Matrix3x3.cpp">
      <Filter>math\algebra</Filter>
    </ClCompile>
    <ClCompile Include="src\math\algebra\Matrix4x4.cpp">
      <Filter>math\algebra</Filter>
    </ClCompile>
    <ClCompile Include="src\math\algebra\Plane3D.cpp">
      <Filter>math\algebra</Filter>
    </ClCompile>
    <ClCompile Include="src\math\algebra\Quternion.cpp">
      <Filter>math\algebra</Filter>
    </ClCompile>
    <ClCompile Include="src\math\algebra\Vector2D.cpp">
      <Filter>math\algebra</Filter>
    </ClCompile>
    <ClCompile Include="src\math\algebra\Vector3D.cpp">
      <Filter>math\algebra</Filter>
    </ClCompile>
    <ClCompile Include="src\graphics\GeoCreater.cpp">
      <Filter>graphics</Filter>
    </ClCompile>
    <ClCompile Include="src\graphics\DXEngine.cpp">
      <Filter>graphics\dx</Filter>
    </ClCompile>
    <ClCompile Include="src\sys\InputEngine.cpp">
      <Filter>sys</Filter>
    </ClCompile>
    <ClCompile Include="src\sys\BaseApp.cpp">
      <Filter>sys</Filter>
    </ClCompile>
    <ClCompile Include="src\sys\Window.cpp">
      <Filter>sys</Filter>
    </ClCompile>
    <ClCompile Include="src\graphics\DXVisual.cpp">
      <Filter>graphics\dx</Filter>
    </ClCompile>
    <ClCompile Include="src\scene\Camera.cpp">
      <Filter>scene</Filter>
    </ClCompile>
    <ClCompile Include="src\scene\Light.cpp">
      <Filter>scene</Filter>
    </ClCompile>
    <ClCompile Include="src\scene\Mesh.cpp">
      <Filter>scene</Filter>
    </ClCompile>
    <ClCompile Include="src\scene\Scene.cpp">
      <Filter>scene</Filter>
    </ClCompile>
    <ClCompile Include="src\graphics\DXRenderTexture.cpp">
      <Filter>graphics\dx</Filter>
    </ClCompile>
    <ClCompile Include="src\graphics\Material.cpp">
      <Filter>graphics</Filter>
    </ClCompile>
    <ClCompile Include="src\graphics\DXConstBuffer.cpp">
      <Filter>graphics\dx</Filter>
    </ClCompile>
    <ClCompile Include="src\graphics\DXDepthState.cpp">
      <Filter>graphics\dx</Filter>
    </ClCompile>
    <ClCompile Include="src\graphics\DXIndexBuffer.cpp">
      <Filter>graphics\dx</Filter>
    </ClCompile>
    <ClCompile Include="src\graphics\DXInputLayout.cpp">
      <Filter>graphics\dx</Filter>
    </ClCompile>
    <ClCompile Include="src\graphics\DXPixelShader.cpp">
      <Filter>graphics\dx</Filter>
    </ClCompile>
    <ClCompile Include="src\graphics\DXSamplerState.cpp">
      <Filter>graphics\dx</Filter>
    </ClCompile>
    <ClCompile Include="src\graphics\DXShader.cpp">
      <Filter>graphics\dx</Filter>
    </ClCompile>
    <ClCompile Include="src\graphics\DXShaderResourceView.cpp">
      <Filter>graphics\dx</Filter>
    </ClCompile>
    <ClCompile Include="src\graphics\DXVertexBuffer.cpp">
      <Filter>graphics\dx</Filter>
    </ClCompile>
    <ClCompile Include="src\graphics\DXVertexShader.cpp">
      <Filter>graphics\dx</Filter>
    </ClCompile>
    <ClCompile Include="src\graphics\Texture.cpp">
      <Filter>graphics</Filter>
    </ClCompile>
    <ClCompile Include="src\util\PlutoUtil.cpp">
      <Filter>util</Filter>
    </ClCompile>
    <ClCompile Include="src\scene\Transform.cpp">
      <Filter>scene</Filter>
    </ClCompile>
  </ItemGroup>
  <ItemGroup>
    <ClInclude Include="..\include\util\CUtil.h">
      <Filter>util</Filter>
    </ClInclude>
    <ClInclude Include="..\include\util\DDSTextureLoader.h">
      <Filter>util</Filter>
    </ClInclude>
    <ClInclude Include="..\include\util\FBXParser.h">
      <Filter>util</Filter>
    </ClInclude>
    <ClInclude Include="..\include\util\FBXUtil.h">
      <Filter>util</Filter>
    </ClInclude>
    <ClInclude Include="..\include\util\ObjParser.h">
      <Filter>util</Filter>
    </ClInclude>
    <ClInclude Include="..\include\BaseDataStruct.h" />
    <ClInclude Include="..\include\Main.h" />
    <ClInclude Include="..\include\sys\Application.h">
      <Filter>sys</Filter>
    </ClInclude>
    <ClInclude Include="..\include\sys\DLog.h">
      <Filter>sys</Filter>
    </ClInclude>
    <ClInclude Include="..\include\sys\SysEnv.h">
      <Filter>sys</Filter>
    </ClInclude>
    <ClInclude Include="..\include\math\algebra\EulerAngles.h">
      <Filter>math\algebra</Filter>
    </ClInclude>
    <ClInclude Include="..\include\math\algebra\Matrix1x4.h">
      <Filter>math\algebra</Filter>
    </ClInclude>
    <ClInclude Include="..\include\math\algebra\Matrix3x3.h">
      <Filter>math\algebra</Filter>
    </ClInclude>
    <ClInclude Include="..\include\math\algebra\Matrix4x4.h">
      <Filter>math\algebra</Filter>
    </ClInclude>
    <ClInclude Include="..\include\math\algebra\Quaternion.h">
      <Filter>math\algebra</Filter>
    </ClInclude>
    <ClInclude Include="..\include\math\algebra\Vector2D.h">
      <Filter>math\algebra</Filter>
    </ClInclude>
    <ClInclude Include="..\include\math\algebra\Vector3D.h">
      <Filter>math\algebra</Filter>
    </ClInclude>
    <ClInclude Include="..\include\graphics\Plane3D.h">
      <Filter>graphics</Filter>
    </ClInclude>
    <ClInclude Include="..\include\graphics\GeoCreater.h">
      <Filter>graphics</Filter>
    </ClInclude>
    <ClInclude Include="..\include\graphics\DXEngine.h">
      <Filter>graphics\dx</Filter>
    </ClInclude>
    <ClInclude Include="..\include\sys\InputEngine.h">
      <Filter>sys</Filter>
    </ClInclude>
    <ClInclude Include="..\include\sys\BaseApp.h">
      <Filter>sys</Filter>
    </ClInclude>
    <ClInclude Include="..\include\sys\Window.h">
      <Filter>sys</Filter>
    </ClInclude>
    <ClInclude Include="..\include\graphics\DXVisual.h">
      <Filter>graphics\dx</Filter>
    </ClInclude>
    <ClInclude Include="..\include\scene\Camera.h">
      <Filter>scene</Filter>
    </ClInclude>
    <ClInclude Include="..\include\scene\Light.h">
      <Filter>scene</Filter>
    </ClInclude>
    <ClInclude Include="..\include\scene\Mesh.h">
      <Filter>scene</Filter>
    </ClInclude>
    <ClInclude Include="..\include\scene\Scene.h">
      <Filter>scene</Filter>
    </ClInclude>
    <ClInclude Include="..\include\graphics\DXRenderTexture.h">
      <Filter>graphics\dx</Filter>
    </ClInclude>
    <ClInclude Include="..\include\graphics\Material.h">
      <Filter>graphics</Filter>
    </ClInclude>
    <ClInclude Include="..\include\graphics\DXConstBuffer.h">
      <Filter>graphics\dx</Filter>
    </ClInclude>
    <ClInclude Include="..\include\graphics\DXDepthState.h">
      <Filter>graphics\dx</Filter>
    </ClInclude>
    <ClInclude Include="..\include\graphics\DXIndexBuffer.h">
      <Filter>graphics\dx</Filter>
    </ClInclude>
    <ClInclude Include="..\include\graphics\DXInputLayout.h">
      <Filter>graphics\dx</Filter>
    </ClInclude>
    <ClInclude Include="..\include\graphics\DXPixelShader.h">
      <Filter>graphics\dx</Filter>
    </ClInclude>
    <ClInclude Include="..\include\graphics\DXSamplerState.h">
      <Filter>graphics\dx</Filter>
    </ClInclude>
    <ClInclude Include="..\include\graphics\DXShader.h">
      <Filter>graphics\dx</Filter>
    </ClInclude>
    <ClInclude Include="..\include\graphics\DXShaderResourceView.h">
      <Filter>graphics\dx</Filter>
    </ClInclude>
    <ClInclude Include="..\include\graphics\DXVertexBuffer.h">
      <Filter>graphics\dx</Filter>
    </ClInclude>
    <ClInclude Include="..\include\graphics\DXVertexShader.h">
      <Filter>graphics\dx</Filter>
    </ClInclude>
    <ClInclude Include="..\include\graphics\Texture.h">
      <Filter>graphics</Filter>
    </ClInclude>
    <ClInclude Include="..\include\util\PlutoUtil.h">
      <Filter>util</Filter>
    </ClInclude>
    <ClInclude Include="..\include\scene\Transform.h">
      <Filter>scene</Filter>
    </ClInclude>
  </ItemGroup>
</Project>