
Microsoft Visual Studio Solution File, Format Version 12.00
# Visual Studio 14
VisualStudioVersion = 14.0.23107.0
MinimumVisualStudioVersion = 10.0.40219.1
Project("{8BC9CEB8-8B4A-11D0-8D11-00A0C91BC942}") = "Pluto", "Pluto\Pluto.vcxproj", "{06EDC280-1187-4614-A248-E640C095FA6B}"
EndProject
Project("{8BC9CEB8-8B4A-11D0-8D11-00A0C91BC942}") = "T02ColorHill", "T02ColorHill\T02ColorHill.vcxproj", "{28877253-3120-4098-86B8-BAAC1C0AF240}"
	ProjectSection(ProjectDependencies) = postProject
		{06EDC280-1187-4614-A248-E640C095FA6B} = {06EDC280-1187-4614-A248-E640C095FA6B}
	EndProjectSection
EndProject
Project("{8BC9CEB8-8B4A-11D0-8D11-00A0C91BC942}") = "T01TextureCube", "T01TextureCube\T01TextureCube.vcxproj", "{7B1C49DF-9CCA-4239-8740-203E09D10B00}"
	ProjectSection(ProjectDependencies) = postProject
		{06EDC280-1187-4614-A248-E640C095FA6B} = {06EDC280-1187-4614-A248-E640C095FA6B}
	EndProjectSection
EndProject
Project("{8BC9CEB8-8B4A-11D0-8D11-00A0C91BC942}") = "TestPluto", "TestPluto\TestPluto.vcxproj", "{E8EC2A8F-7F7E-48AA-91C5-7630222218AF}"
EndProject
Project("{8BC9CEB8-8B4A-11D0-8D11-00A0C91BC942}") = "T03ADSSphere", "T03ADSSphere\T03ADSSphere.vcxproj", "{CB0C93D5-DD09-499C-A9E9-DD3AF68457E1}"
EndProject
Project("{2150E333-8FDC-42A3-9474-1A3956D46DE8}") = "Engine", "Engine", "{C0FCDFF5-0DE1-486A-91AE-0E13AC9D549E}"
EndProject
Project("{2150E333-8FDC-42A3-9474-1A3956D46DE8}") = "Sample", "Sample", "{13A632D5-5E4B-402E-9D15-109392C0E1C1}"
EndProject
Project("{8BC9CEB8-8B4A-11D0-8D11-00A0C91BC942}") = "T05Sprite", "T05Sprite\T05Sprite.vcxproj", "{58227295-556B-49CC-A5AC-61C30470C2E1}"
EndProject
Project("{8BC9CEB8-8B4A-11D0-8D11-00A0C91BC942}") = "T04Blending", "T04Blending\T04Blending.vcxproj", "{799A1E12-8E10-4360-9347-32DDD6962C1D}"
EndProject
Project("{8BC9CEB8-8B4A-11D0-8D11-00A0C91BC942}") = "T06LightMap", "T06LightMap\T06LightMap.vcxproj", "{E4BF0517-2E8C-407D-8BA9-8C4BC46E73B7}"
EndProject
Project("{8BC9CEB8-8B4A-11D0-8D11-00A0C91BC942}") = "T07AlphaMap", "T07AlphaMap\T07AlphaMap.vcxproj", "{547EF1E0-9683-403C-80D8-C106D9790AF9}"
EndProject
Project("{8BC9CEB8-8B4A-11D0-8D11-00A0C91BC942}") = "T08NormalMap", "T08NormalMap\T08NormalMap.vcxproj", "{7988661E-3A0D-48F9-99F2-0C8AE713267C}"
EndProject
Project("{8BC9CEB8-8B4A-11D0-8D11-00A0C91BC942}") = "T09SpecularMap", "T09SpecularMap\T09SpecularMap.vcxproj", "{FF53396B-6888-4C22-BB11-1F43A18FC4D1}"
EndProject
Project("{8BC9CEB8-8B4A-11D0-8D11-00A0C91BC942}") = "T10RenderToTexture", "T10RenderToTexture\T10RenderToTexture.vcxproj", "{9AD5454B-BE04-42AE-B3D4-3F50F3CB6D41}"
EndProject
Project("{8BC9CEB8-8B4A-11D0-8D11-00A0C91BC942}") = "T11SimpleFog", "T11SimpleFog\T11SimpleFog.vcxproj", "{0B519F59-12D1-4355-8080-B60EF99325C7}"
EndProject
Project("{8BC9CEB8-8B4A-11D0-8D11-00A0C91BC942}") = "T12ScrollUV", "T12ScrollUV\T12ScrollUV.vcxproj", "{79873BE2-7D93-4C23-8966-155E474BAABC}"
EndProject
Global
	GlobalSection(SolutionConfigurationPlatforms) = preSolution
		Debug|Win32 = Debug|Win32
		Debug|x64 = Debug|x64
		Profile|Win32 = Profile|Win32
		Profile|x64 = Profile|x64
		Release|Win32 = Release|Win32
		Release|x64 = Release|x64
	EndGlobalSection
	GlobalSection(ProjectConfigurationPlatforms) = postSolution
		{06EDC280-1187-4614-A248-E640C095FA6B}.Debug|Win32.ActiveCfg = Debug|Win32
		{06EDC280-1187-4614-A248-E640C095FA6B}.Debug|Win32.Build.0 = Debug|Win32
		{06EDC280-1187-4614-A248-E640C095FA6B}.Debug|Win32.Deploy.0 = Debug|Win32
		{06EDC280-1187-4614-A248-E640C095FA6B}.Debug|x64.ActiveCfg = Debug|x64
		{06EDC280-1187-4614-A248-E640C095FA6B}.Debug|x64.Build.0 = Debug|x64
		{06EDC280-1187-4614-A248-E640C095FA6B}.Debug|x64.Deploy.0 = Debug|x64
		{06EDC280-1187-4614-A248-E640C095FA6B}.Profile|Win32.ActiveCfg = Profile|Win32
		{06EDC280-1187-4614-A248-E640C095FA6B}.Profile|Win32.Build.0 = Profile|Win32
		{06EDC280-1187-4614-A248-E640C095FA6B}.Profile|Win32.Deploy.0 = Profile|Win32
		{06EDC280-1187-4614-A248-E640C095FA6B}.Profile|x64.ActiveCfg = Profile|x64
		{06EDC280-1187-4614-A248-E640C095FA6B}.Profile|x64.Build.0 = Profile|x64
		{06EDC280-1187-4614-A248-E640C095FA6B}.Profile|x64.Deploy.0 = Profile|x64
		{06EDC280-1187-4614-A248-E640C095FA6B}.Release|Win32.ActiveCfg = Release|Win32
		{06EDC280-1187-4614-A248-E640C095FA6B}.Release|Win32.Build.0 = Release|Win32
		{06EDC280-1187-4614-A248-E640C095FA6B}.Release|Win32.Deploy.0 = Release|Win32
		{06EDC280-1187-4614-A248-E640C095FA6B}.Release|x64.ActiveCfg = Release|x64
		{06EDC280-1187-4614-A248-E640C095FA6B}.Release|x64.Build.0 = Release|x64
		{06EDC280-1187-4614-A248-E640C095FA6B}.Release|x64.Deploy.0 = Release|x64
		{28877253-3120-4098-86B8-BAAC1C0AF240}.Debug|Win32.ActiveCfg = Debug|Win32
		{28877253-3120-4098-86B8-BAAC1C0AF240}.Debug|Win32.Build.0 = Debug|Win32
		{28877253-3120-4098-86B8-BAAC1C0AF240}.Debug|Win32.Deploy.0 = Debug|Win32
		{28877253-3120-4098-86B8-BAAC1C0AF240}.Debug|x64.ActiveCfg = Debug|x64
		{28877253-3120-4098-86B8-BAAC1C0AF240}.Debug|x64.Build.0 = Debug|x64
		{28877253-3120-4098-86B8-BAAC1C0AF240}.Debug|x64.Deploy.0 = Debug|x64
		{28877253-3120-4098-86B8-BAAC1C0AF240}.Profile|Win32.ActiveCfg = Profile|Win32
		{28877253-3120-4098-86B8-BAAC1C0AF240}.Profile|Win32.Build.0 = Profile|Win32
		{28877253-3120-4098-86B8-BAAC1C0AF240}.Profile|Win32.Deploy.0 = Profile|Win32
		{28877253-3120-4098-86B8-BAAC1C0AF240}.Profile|x64.ActiveCfg = Profile|x64
		{28877253-3120-4098-86B8-BAAC1C0AF240}.Profile|x64.Build.0 = Profile|x64
		{28877253-3120-4098-86B8-BAAC1C0AF240}.Profile|x64.Deploy.0 = Profile|x64
		{28877253-3120-4098-86B8-BAAC1C0AF240}.Release|Win32.ActiveCfg = Release|Win32
		{28877253-3120-4098-86B8-BAAC1C0AF240}.Release|Win32.Build.0 = Release|Win32
		{28877253-3120-4098-86B8-BAAC1C0AF240}.Release|Win32.Deploy.0 = Release|Win32
		{28877253-3120-4098-86B8-BAAC1C0AF240}.Release|x64.ActiveCfg = Release|x64
		{28877253-3120-4098-86B8-BAAC1C0AF240}.Release|x64.Build.0 = Release|x64
		{28877253-3120-4098-86B8-BAAC1C0AF240}.Release|x64.Deploy.0 = Release|x64
		{7B1C49DF-9CCA-4239-8740-203E09D10B00}.Debug|Win32.ActiveCfg = Debug|Win32
		{7B1C49DF-9CCA-4239-8740-203E09D10B00}.Debug|Win32.Build.0 = Debug|Win32
		{7B1C49DF-9CCA-4239-8740-203E09D10B00}.Debug|x64.ActiveCfg = Debug|x64
		{7B1C49DF-9CCA-4239-8740-203E09D10B00}.Debug|x64.Build.0 = Debug|x64
		{7B1C49DF-9CCA-4239-8740-203E09D10B00}.Profile|Win32.ActiveCfg = Release|Win32
		{7B1C49DF-9CCA-4239-8740-203E09D10B00}.Profile|Win32.Build.0 = Release|Win32
		{7B1C49DF-9CCA-4239-8740-203E09D10B00}.Profile|x64.ActiveCfg = Release|x64
		{7B1C49DF-9CCA-4239-8740-203E09D10B00}.Profile|x64.Build.0 = Release|x64
		{7B1C49DF-9CCA-4239-8740-203E09D10B00}.Release|Win32.ActiveCfg = Release|Win32
		{7B1C49DF-9CCA-4239-8740-203E09D10B00}.Release|Win32.Build.0 = Release|Win32
		{7B1C49DF-9CCA-4239-8740-203E09D10B00}.Release|x64.ActiveCfg = Release|x64
		{7B1C49DF-9CCA-4239-8740-203E09D10B00}.Release|x64.Build.0 = Release|x64
		{E8EC2A8F-7F7E-48AA-91C5-7630222218AF}.Debug|Win32.ActiveCfg = Debug|Win32
		{E8EC2A8F-7F7E-48AA-91C5-7630222218AF}.Debug|Win32.Build.0 = Debug|Win32
		{E8EC2A8F-7F7E-48AA-91C5-7630222218AF}.Debug|x64.ActiveCfg = Debug|x64
		{E8EC2A8F-7F7E-48AA-91C5-7630222218AF}.Debug|x64.Build.0 = Debug|x64
		{E8EC2A8F-7F7E-48AA-91C5-7630222218AF}.Profile|Win32.ActiveCfg = Release|Win32
		{E8EC2A8F-7F7E-48AA-91C5-7630222218AF}.Profile|Win32.Build.0 = Release|Win32
		{E8EC2A8F-7F7E-48AA-91C5-7630222218AF}.Profile|x64.ActiveCfg = Release|x64
		{E8EC2A8F-7F7E-48AA-91C5-7630222218AF}.Profile|x64.Build.0 = Release|x64
		{E8EC2A8F-7F7E-48AA-91C5-7630222218AF}.Release|Win32.ActiveCfg = Release|Win32
		{E8EC2A8F-7F7E-48AA-91C5-7630222218AF}.Release|Win32.Build.0 = Release|Win32
		{E8EC2A8F-7F7E-48AA-91C5-7630222218AF}.Release|x64.ActiveCfg = Release|x64
		{E8EC2A8F-7F7E-48AA-91C5-7630222218AF}.Release|x64.Build.0 = Release|x64
		{CB0C93D5-DD09-499C-A9E9-DD3AF68457E1}.Debug|Win32.ActiveCfg = Debug|Win32
		{CB0C93D5-DD09-499C-A9E9-DD3AF68457E1}.Debug|Win32.Build.0 = Debug|Win32
		{CB0C93D5-DD09-499C-A9E9-DD3AF68457E1}.Debug|x64.ActiveCfg = Debug|x64
		{CB0C93D5-DD09-499C-A9E9-DD3AF68457E1}.Debug|x64.Build.0 = Debug|x64
		{CB0C93D5-DD09-499C-A9E9-DD3AF68457E1}.Profile|Win32.ActiveCfg = Release|Win32
		{CB0C93D5-DD09-499C-A9E9-DD3AF68457E1}.Profile|Win32.Build.0 = Release|Win32
		{CB0C93D5-DD09-499C-A9E9-DD3AF68457E1}.Profile|x64.ActiveCfg = Release|x64
		{CB0C93D5-DD09-499C-A9E9-DD3AF68457E1}.Profile|x64.Build.0 = Release|x64
		{CB0C93D5-DD09-499C-A9E9-DD3AF68457E1}.Release|Win32.ActiveCfg = Release|Win32
		{CB0C93D5-DD09-499C-A9E9-DD3AF68457E1}.Release|Win32.Build.0 = Release|Win32
		{CB0C93D5-DD09-499C-A9E9-DD3AF68457E1}.Release|x64.ActiveCfg = Release|x64
		{CB0C93D5-DD09-499C-A9E9-DD3AF68457E1}.Release|x64.Build.0 = Release|x64
		{58227295-556B-49CC-A5AC-61C30470C2E1}.Debug|Win32.ActiveCfg = Debug|Win32
		{58227295-556B-49CC-A5AC-61C30470C2E1}.Debug|Win32.Build.0 = Debug|Win32
		{58227295-556B-49CC-A5AC-61C30470C2E1}.Debug|x64.ActiveCfg = Debug|x64
		{58227295-556B-49CC-A5AC-61C30470C2E1}.Debug|x64.Build.0 = Debug|x64
		{58227295-556B-49CC-A5AC-61C30470C2E1}.Profile|Win32.ActiveCfg = Release|Win32
		{58227295-556B-49CC-A5AC-61C30470C2E1}.Profile|Win32.Build.0 = Release|Win32
		{58227295-556B-49CC-A5AC-61C30470C2E1}.Profile|x64.ActiveCfg = Release|x64
		{58227295-556B-49CC-A5AC-61C30470C2E1}.Profile|x64.Build.0 = Release|x64
		{58227295-556B-49CC-A5AC-61C30470C2E1}.Release|Win32.ActiveCfg = Release|Win32
		{58227295-556B-49CC-A5AC-61C30470C2E1}.Release|Win32.Build.0 = Release|Win32
		{58227295-556B-49CC-A5AC-61C30470C2E1}.Release|x64.ActiveCfg = Release|x64
		{58227295-556B-49CC-A5AC-61C30470C2E1}.Release|x64.Build.0 = Release|x64
		{799A1E12-8E10-4360-9347-32DDD6962C1D}.Debug|Win32.ActiveCfg = Debug|Win32
		{799A1E12-8E10-4360-9347-32DDD6962C1D}.Debug|Win32.Build.0 = Debug|Win32
		{799A1E12-8E10-4360-9347-32DDD6962C1D}.Debug|x64.ActiveCfg = Debug|x64
		{799A1E12-8E10-4360-9347-32DDD6962C1D}.Debug|x64.Build.0 = Debug|x64
		{799A1E12-8E10-4360-9347-32DDD6962C1D}.Profile|Win32.ActiveCfg = Release|Win32
		{799A1E12-8E10-4360-9347-32DDD6962C1D}.Profile|Win32.Build.0 = Release|Win32
		{799A1E12-8E10-4360-9347-32DDD6962C1D}.Profile|x64.ActiveCfg = Release|x64
		{799A1E12-8E10-4360-9347-32DDD6962C1D}.Profile|x64.Build.0 = Release|x64
		{799A1E12-8E10-4360-9347-32DDD6962C1D}.Release|Win32.ActiveCfg = Release|Win32
		{799A1E12-8E10-4360-9347-32DDD6962C1D}.Release|Win32.Build.0 = Release|Win32
		{799A1E12-8E10-4360-9347-32DDD6962C1D}.Release|x64.ActiveCfg = Release|x64
		{799A1E12-8E10-4360-9347-32DDD6962C1D}.Release|x64.Build.0 = Release|x64
		{E4BF0517-2E8C-407D-8BA9-8C4BC46E73B7}.Debug|Win32.ActiveCfg = Debug|Win32
		{E4BF0517-2E8C-407D-8BA9-8C4BC46E73B7}.Debug|Win32.Build.0 = Debug|Win32
		{E4BF0517-2E8C-407D-8BA9-8C4BC46E73B7}.Debug|x64.ActiveCfg = Debug|x64
		{E4BF0517-2E8C-407D-8BA9-8C4BC46E73B7}.Debug|x64.Build.0 = Debug|x64
		{E4BF0517-2E8C-407D-8BA9-8C4BC46E73B7}.Profile|Win32.ActiveCfg = Release|Win32
		{E4BF0517-2E8C-407D-8BA9-8C4BC46E73B7}.Profile|Win32.Build.0 = Release|Win32
		{E4BF0517-2E8C-407D-8BA9-8C4BC46E73B7}.Profile|x64.ActiveCfg = Release|x64
		{E4BF0517-2E8C-407D-8BA9-8C4BC46E73B7}.Profile|x64.Build.0 = Release|x64
		{E4BF0517-2E8C-407D-8BA9-8C4BC46E73B7}.Release|Win32.ActiveCfg = Release|Win32
		{E4BF0517-2E8C-407D-8BA9-8C4BC46E73B7}.Release|Win32.Build.0 = Release|Win32
		{E4BF0517-2E8C-407D-8BA9-8C4BC46E73B7}.Release|x64.ActiveCfg = Release|x64
		{E4BF0517-2E8C-407D-8BA9-8C4BC46E73B7}.Release|x64.Build.0 = Release|x64
		{547EF1E0-9683-403C-80D8-C106D9790AF9}.Debug|Win32.ActiveCfg = Debug|Win32
		{547EF1E0-9683-403C-80D8-C106D9790AF9}.Debug|Win32.Build.0 = Debug|Win32
		{547EF1E0-9683-403C-80D8-C106D9790AF9}.Debug|x64.ActiveCfg = Debug|x64
		{547EF1E0-9683-403C-80D8-C106D9790AF9}.Debug|x64.Build.0 = Debug|x64
		{547EF1E0-9683-403C-80D8-C106D9790AF9}.Profile|Win32.ActiveCfg = Release|Win32
		{547EF1E0-9683-403C-80D8-C106D9790AF9}.Profile|Win32.Build.0 = Release|Win32
		{547EF1E0-9683-403C-80D8-C106D9790AF9}.Profile|x64.ActiveCfg = Release|x64
		{547EF1E0-9683-403C-80D8-C106D9790AF9}.Profile|x64.Build.0 = Release|x64
		{547EF1E0-9683-403C-80D8-C106D9790AF9}.Release|Win32.ActiveCfg = Release|Win32
		{547EF1E0-9683-403C-80D8-C106D9790AF9}.Release|Win32.Build.0 = Release|Win32
		{547EF1E0-9683-403C-80D8-C106D9790AF9}.Release|x64.ActiveCfg = Release|x64
		{547EF1E0-9683-403C-80D8-C106D9790AF9}.Release|x64.Build.0 = Release|x64
		{7988661E-3A0D-48F9-99F2-0C8AE713267C}.Debug|Win32.ActiveCfg = Debug|Win32
		{7988661E-3A0D-48F9-99F2-0C8AE713267C}.Debug|Win32.Build.0 = Debug|Win32
		{7988661E-3A0D-48F9-99F2-0C8AE713267C}.Debug|x64.ActiveCfg = Debug|x64
		{7988661E-3A0D-48F9-99F2-0C8AE713267C}.Debug|x64.Build.0 = Debug|x64
		{7988661E-3A0D-48F9-99F2-0C8AE713267C}.Profile|Win32.ActiveCfg = Release|Win32
		{7988661E-3A0D-48F9-99F2-0C8AE713267C}.Profile|Win32.Build.0 = Release|Win32
		{7988661E-3A0D-48F9-99F2-0C8AE713267C}.Profile|x64.ActiveCfg = Release|x64
		{7988661E-3A0D-48F9-99F2-0C8AE713267C}.Profile|x64.Build.0 = Release|x64
		{7988661E-3A0D-48F9-99F2-0C8AE713267C}.Release|Win32.ActiveCfg = Release|Win32
		{7988661E-3A0D-48F9-99F2-0C8AE713267C}.Release|Win32.Build.0 = Release|Win32
		{7988661E-3A0D-48F9-99F2-0C8AE713267C}.Release|x64.ActiveCfg = Release|x64
		{7988661E-3A0D-48F9-99F2-0C8AE713267C}.Release|x64.Build.0 = Release|x64
		{FF53396B-6888-4C22-BB11-1F43A18FC4D1}.Debug|Win32.ActiveCfg = Debug|Win32
		{FF53396B-6888-4C22-BB11-1F43A18FC4D1}.Debug|Win32.Build.0 = Debug|Win32
		{FF53396B-6888-4C22-BB11-1F43A18FC4D1}.Debug|x64.ActiveCfg = Debug|x64
		{FF53396B-6888-4C22-BB11-1F43A18FC4D1}.Debug|x64.Build.0 = Debug|x64
		{FF53396B-6888-4C22-BB11-1F43A18FC4D1}.Profile|Win32.ActiveCfg = Release|Win32
		{FF53396B-6888-4C22-BB11-1F43A18FC4D1}.Profile|Win32.Build.0 = Release|Win32
		{FF53396B-6888-4C22-BB11-1F43A18FC4D1}.Profile|x64.ActiveCfg = Release|x64
		{FF53396B-6888-4C22-BB11-1F43A18FC4D1}.Profile|x64.Build.0 = Release|x64
		{FF53396B-6888-4C22-BB11-1F43A18FC4D1}.Release|Win32.ActiveCfg = Release|Win32
		{FF53396B-6888-4C22-BB11-1F43A18FC4D1}.Release|Win32.Build.0 = Release|Win32
		{FF53396B-6888-4C22-BB11-1F43A18FC4D1}.Release|x64.ActiveCfg = Release|x64
		{FF53396B-6888-4C22-BB11-1F43A18FC4D1}.Release|x64.Build.0 = Release|x64
		{9AD5454B-BE04-42AE-B3D4-3F50F3CB6D41}.Debug|Win32.ActiveCfg = Debug|Win32
		{9AD5454B-BE04-42AE-B3D4-3F50F3CB6D41}.Debug|Win32.Build.0 = Debug|Win32
		{9AD5454B-BE04-42AE-B3D4-3F50F3CB6D41}.Debug|x64.ActiveCfg = Debug|x64
		{9AD5454B-BE04-42AE-B3D4-3F50F3CB6D41}.Debug|x64.Build.0 = Debug|x64
		{9AD5454B-BE04-42AE-B3D4-3F50F3CB6D41}.Profile|Win32.ActiveCfg = Release|Win32
		{9AD5454B-BE04-42AE-B3D4-3F50F3CB6D41}.Profile|Win32.Build.0 = Release|Win32
		{9AD5454B-BE04-42AE-B3D4-3F50F3CB6D41}.Profile|x64.ActiveCfg = Release|x64
		{9AD5454B-BE04-42AE-B3D4-3F50F3CB6D41}.Profile|x64.Build.0 = Release|x64
		{9AD5454B-BE04-42AE-B3D4-3F50F3CB6D41}.Release|Win32.ActiveCfg = Release|Win32
		{9AD5454B-BE04-42AE-B3D4-3F50F3CB6D41}.Release|Win32.Build.0 = Release|Win32
		{9AD5454B-BE04-42AE-B3D4-3F50F3CB6D41}.Release|x64.ActiveCfg = Release|x64
		{9AD5454B-BE04-42AE-B3D4-3F50F3CB6D41}.Release|x64.Build.0 = Release|x64
		{0B519F59-12D1-4355-8080-B60EF99325C7}.Debug|Win32.ActiveCfg = Debug|Win32
		{0B519F59-12D1-4355-8080-B60EF99325C7}.Debug|Win32.Build.0 = Debug|Win32
		{0B519F59-12D1-4355-8080-B60EF99325C7}.Debug|x64.ActiveCfg = Debug|x64
		{0B519F59-12D1-4355-8080-B60EF99325C7}.Debug|x64.Build.0 = Debug|x64
		{0B519F59-12D1-4355-8080-B60EF99325C7}.Profile|Win32.ActiveCfg = Release|Win32
		{0B519F59-12D1-4355-8080-B60EF99325C7}.Profile|Win32.Build.0 = Release|Win32
		{0B519F59-12D1-4355-8080-B60EF99325C7}.Profile|x64.ActiveCfg = Release|x64
		{0B519F59-12D1-4355-8080-B60EF99325C7}.Profile|x64.Build.0 = Release|x64
		{0B519F59-12D1-4355-8080-B60EF99325C7}.Release|Win32.ActiveCfg = Release|Win32
		{0B519F59-12D1-4355-8080-B60EF99325C7}.Release|Win32.Build.0 = Release|Win32
		{0B519F59-12D1-4355-8080-B60EF99325C7}.Release|x64.ActiveCfg = Release|x64
		{0B519F59-12D1-4355-8080-B60EF99325C7}.Release|x64.Build.0 = Release|x64
		{79873BE2-7D93-4C23-8966-155E474BAABC}.Debug|Win32.ActiveCfg = Debug|Win32
		{79873BE2-7D93-4C23-8966-155E474BAABC}.Debug|Win32.Build.0 = Debug|Win32
		{79873BE2-7D93-4C23-8966-155E474BAABC}.Debug|x64.ActiveCfg = Debug|x64
		{79873BE2-7D93-4C23-8966-155E474BAABC}.Debug|x64.Build.0 = Debug|x64
		{79873BE2-7D93-4C23-8966-155E474BAABC}.Profile|Win32.ActiveCfg = Release|Win32
		{79873BE2-7D93-4C23-8966-155E474BAABC}.Profile|Win32.Build.0 = Release|Win32
		{79873BE2-7D93-4C23-8966-155E474BAABC}.Profile|x64.ActiveCfg = Release|x64
		{79873BE2-7D93-4C23-8966-155E474BAABC}.Profile|x64.Build.0 = Release|x64
		{79873BE2-7D93-4C23-8966-155E474BAABC}.Release|Win32.ActiveCfg = Release|Win32
		{79873BE2-7D93-4C23-8966-155E474BAABC}.Release|Win32.Build.0 = Release|Win32
		{79873BE2-7D93-4C23-8966-155E474BAABC}.Release|x64.ActiveCfg = Release|x64
		{79873BE2-7D93-4C23-8966-155E474BAABC}.Release|x64.Build.0 = Release|x64
	EndGlobalSection
	GlobalSection(SolutionProperties) = preSolution
		HideSolutionNode = FALSE
	EndGlobalSection
	GlobalSection(NestedProjects) = preSolution
		{06EDC280-1187-4614-A248-E640C095FA6B} = {C0FCDFF5-0DE1-486A-91AE-0E13AC9D549E}
		{28877253-3120-4098-86B8-BAAC1C0AF240} = {13A632D5-5E4B-402E-9D15-109392C0E1C1}
		{7B1C49DF-9CCA-4239-8740-203E09D10B00} = {13A632D5-5E4B-402E-9D15-109392C0E1C1}
		{E8EC2A8F-7F7E-48AA-91C5-7630222218AF} = {13A632D5-5E4B-402E-9D15-109392C0E1C1}
		{CB0C93D5-DD09-499C-A9E9-DD3AF68457E1} = {13A632D5-5E4B-402E-9D15-109392C0E1C1}
		{58227295-556B-49CC-A5AC-61C30470C2E1} = {13A632D5-5E4B-402E-9D15-109392C0E1C1}
		{799A1E12-8E10-4360-9347-32DDD6962C1D} = {13A632D5-5E4B-402E-9D15-109392C0E1C1}
		{E4BF0517-2E8C-407D-8BA9-8C4BC46E73B7} = {13A632D5-5E4B-402E-9D15-109392C0E1C1}
		{547EF1E0-9683-403C-80D8-C106D9790AF9} = {13A632D5-5E4B-402E-9D15-109392C0E1C1}
		{7988661E-3A0D-48F9-99F2-0C8AE713267C} = {13A632D5-5E4B-402E-9D15-109392C0E1C1}
		{FF53396B-6888-4C22-BB11-1F43A18FC4D1} = {13A632D5-5E4B-402E-9D15-109392C0E1C1}
		{9AD5454B-BE04-42AE-B3D4-3F50F3CB6D41} = {13A632D5-5E4B-402E-9D15-109392C0E1C1}
		{0B519F59-12D1-4355-8080-B60EF99325C7} = {13A632D5-5E4B-402E-9D15-109392C0E1C1}
		{79873BE2-7D93-4C23-8966-155E474BAABC} = {13A632D5-5E4B-402E-9D15-109392C0E1C1}
	EndGlobalSection
EndGlobal
