<?xml version="1.0" encoding="utf-8"?>
<Project ToolsVersion="4.0" xmlns:atg="http://atg.xbox.com" xmlns="http://schemas.microsoft.com/developer/msbuild/2003">
  <ItemGroup>
    <Filter Include="Resource Files">
      <UniqueIdentifier>{8e114980-c1a3-4ada-ad7c-83caadf5daeb}</UniqueIdentifier>
      <Extensions>rc;ico;cur;bmp;dlg;rc2;rct;bin;rgs;gif;jpg;jpeg;jpe</Extensions>
    </Filter>
    <Filter Include="sample">
      <UniqueIdentifier>{cc7b4f0b-a872-466d-9277-160688d82712}</UniqueIdentifier>
    </Filter>
    <Filter Include="shader">
      <UniqueIdentifier>{18c054df-acb8-4119-a714-5f093b1366f0}</UniqueIdentifier>
    </Filter>
    <Filter Include="util">
      <UniqueIdentifier>{f885f0fa-7599-4d9c-9811-918044d15d21}</UniqueIdentifier>
    </Filter>
    <Filter Include="core">
      <UniqueIdentifier>{5c12c1b6-5494-4626-a517-1f803b474573}</UniqueIdentifier>
    </Filter>
  </ItemGroup>
  <ItemGroup>
    <ClInclude Include="src\sample\BaseApp.h">
      <Filter>sample</Filter>
    </ClInclude>
    <ClInclude Include="src\sample\DemoApp1.h">
      <Filter>sample</Filter>
    </ClInclude>
    <ClInclude Include="src\util\DDSTextureLoader.h">
      <Filter>util</Filter>
    </ClInclude>
    <ClInclude Include="src\resource.h">
      <Filter>Resource Files</Filter>
    </ClInclude>
    <ClInclude Include="src\core\Application.h">
      <Filter>core</Filter>
    </ClInclude>
  </ItemGroup>
  <ItemGroup>
    <ClCompile Include="src\main.cpp" />
    <ClCompile Include="src\sample\BaseApp.cpp">
      <Filter>sample</Filter>
    </ClCompile>
    <ClCompile Include="src\sample\DemoApp1.cpp">
      <Filter>sample</Filter>
    </ClCompile>
    <ClCompile Include="src\util\DDSTextureLoader.cpp">
      <Filter>util</Filter>
    </ClCompile>
    <ClCompile Include="src\core\Application.cpp">
      <Filter>core</Filter>
    </ClCompile>
  </ItemGroup>
  <ItemGroup>
    <FxCompile Include="shader\Triangle_PS.hlsl">
      <Filter>shader</Filter>
    </FxCompile>
    <FxCompile Include="shader\Triangle_VS.hlsl">
      <Filter>shader</Filter>
    </FxCompile>
    <FxCompile Include="shader\Triangle.fx">
      <Filter>shader</Filter>
    </FxCompile>
  </ItemGroup>
  <ItemGroup>
    <Image Include="src\assets\seafloor.dds">
      <Filter>Resource Files</Filter>
    </Image>
  </ItemGroup>
  <ItemGroup>
    <ResourceCompile Include="src\Tutorial01.rc">
      <Filter>Resource Files</Filter>
    </ResourceCompile>
  </ItemGroup>
</Project>